# This file is autogenerated, do not edit; changes may be undone by the next 'dep ensure'.


[[projects]]
  name = "cloud.google.com/go"
  packages = [
    "compute/metadata",
    "datastore",
    "iam",
    "internal",
    "internal/atomiccache",
    "internal/fields",
    "internal/optional",
    "internal/version",
    "logging",
    "logging/apiv2",
    "logging/internal",
    "storage"
  ]
  revision = "20d4028b8a750c2aca76bf9fefa8ed2d0109b573"
  version = "v0.19.0"

[[projects]]
  branch = "master"
  name = "github.com/99designs/basicauth-go"
  packages = ["."]
  revision = "2a93ba0f464da2a77748a1dc2e9e5bea8bbdd4b9"

[[projects]]
  branch = "master"
  name = "github.com/Jleagle/recaptcha-go"
  packages = ["."]
  revision = "aeb7b808b3c2efd18ae03551734ba07bcefa6a12"

[[projects]]
  branch = "master"
  name = "github.com/Jleagle/steam-go"
  packages = ["steam"]
  revision = "01cbc0d717a0f89592ec4acbb9323cfe286127f5"

[[projects]]
  name = "github.com/beevik/etree"
  packages = ["."]
  revision = "9d7e8feddccb4ed1b8afb54e368bd323d2ff652c"
  version = "v1.0.1"

[[projects]]
  branch = "master"
  name = "github.com/bradfitz/gomemcache"
  packages = ["memcache"]
  revision = "1952afaa557dc08e8e0d89eafab110fb501c1a2b"

[[projects]]
  name = "github.com/bwmarrin/discordgo"
  packages = ["."]
  revision = "4a33b9bc7c56cfdb9bb244e33e83cb3941fe2bdc"
  version = "v0.18.0"

[[projects]]
  name = "github.com/dgrijalva/jwt-go"
  packages = ["."]
  revision = "06ea1031745cb8b3dab3f6a236daf2b0aa468b7e"
  version = "v3.2.0"

[[projects]]
  branch = "master"
  name = "github.com/dustin/go-humanize"
  packages = ["."]
  revision = "02af3965c54e8cacf948b97fef38925c4120652c"

[[projects]]
  name = "github.com/fatih/color"
  packages = ["."]
  revision = "5b77d2a35fb0ede96d138fc9a99f5c9b6aef11b4"
  version = "v1.7.0"

[[projects]]
  name = "github.com/fatih/structs"
  packages = ["."]
  revision = "a720dfa8df582c51dee1b36feabb906bde1588bd"
  version = "v1.0"

[[projects]]
  name = "github.com/fsnotify/fsnotify"
  packages = ["."]
  revision = "c2828203cd70a50dcccfb2761f8b1f8ceef9a8e9"
  version = "v1.4.7"

[[projects]]
  name = "github.com/go-chi/chi"
  packages = ["."]
  revision = "e83ac2304db3c50cf03d96a2fcd39009d458bc35"
  version = "v3.3.2"

[[projects]]
  name = "github.com/go-siris/siris"
  packages = ["core/errors"]
  revision = "d6bc3df4b216199bec985043ca6c3e5c00232fd5"
  version = "v7.4.0"

[[projects]]
  name = "github.com/go-sql-driver/mysql"
  packages = ["."]
  revision = "d523deb1b23d913de5bdada721a6071e71283618"
  version = "v1.4.0"

[[projects]]
  name = "github.com/golang/protobuf"
  packages = [
    "proto",
    "protoc-gen-go/descriptor",
    "ptypes",
    "ptypes/any",
    "ptypes/duration",
    "ptypes/empty",
    "ptypes/struct",
    "ptypes/timestamp",
    "ptypes/wrappers"
  ]
  revision = "b4deda0973fb4c70b50d226b1af49f3da59f5265"
  version = "v1.1.0"

[[projects]]
  branch = "master"
  name = "github.com/golang/snappy"
  packages = ["."]
  revision = "2e65f85255dbc3072edf28d6b5b8efc472979f5a"

[[projects]]
  name = "github.com/google/go-github"
  packages = ["github"]
  revision = "e48060a28fac52d0f1cb758bc8b87c07bac4a87d"
  version = "v15.0.0"

[[projects]]
  branch = "master"
  name = "github.com/google/go-querystring"
  packages = ["query"]
  revision = "53e6ce116135b80d037921a7fdd5138cf32d7a8a"

[[projects]]
  name = "github.com/googleapis/gax-go"
  packages = ["."]
  revision = "317e0006254c44a0ac427cc52a0e083ff0b9622f"
  version = "v2.0.0"

[[projects]]
  name = "github.com/gorilla/context"
  packages = ["."]
  revision = "08b5f424b9271eedf6f9f0ce86cb9396ed337a42"
  version = "v1.1.1"

[[projects]]
  name = "github.com/gorilla/securecookie"
  packages = ["."]
  revision = "e59506cc896acb7f7bf732d4fdf5e25f7ccd8983"
  version = "v1.1.1"

[[projects]]
  name = "github.com/gorilla/sessions"
  packages = ["."]
  revision = "03b6f63cc43ef9c7240a635a5e22b13180e822b8"
  version = "v1.1.1"

[[projects]]
  name = "github.com/gorilla/websocket"
  packages = ["."]
  revision = "ea4d1f681babbce9545c9c5f3d5194a789c89f5b"
  version = "v1.2.0"

[[projects]]
  name = "github.com/gosimple/slug"
  packages = ["."]
  revision = "e9f42fa127660e552d0ad2b589868d403a9be7c6"
  version = "v1.1.1"

[[projects]]
  branch = "master"
  name = "github.com/ikeikeikeike/go-sitemap-generator"
  packages = ["stm"]
  revision = "8ab27100e31c513b532c4dc3d2230ca1d7bcf511"

[[projects]]
  name = "github.com/imdario/mergo"
  packages = ["."]
  revision = "9316a62528ac99aaecb4e47eadd6dc8aa6533d58"
  version = "v0.3.5"

[[projects]]
  name = "github.com/jinzhu/gorm"
  packages = [
    ".",
    "dialects/mysql"
  ]
  revision = "6ed508ec6a4ecb3531899a69cbc746ccf65a4166"
  version = "v1.9.1"

[[projects]]
  branch = "master"
  name = "github.com/jinzhu/inflection"
  packages = ["."]
  revision = "04140366298a54a039076d798123ffa108fff46c"

[[projects]]
  name = "github.com/labstack/echo"
  packages = [
    ".",
    "middleware"
  ]
  revision = "6d227dfea4d2e52cb76856120b3c17f758139b4e"
  version = "3.3.5"

[[projects]]
  name = "github.com/labstack/gommon"
  packages = [
    "bytes",
    "color",
    "log",
    "random"
  ]
  revision = "588f4e8bddc6cb45c27b448e925c7fd6a5545434"
  version = "0.2.5"

[[projects]]
  name = "github.com/mattn/go-colorable"
  packages = ["."]
  revision = "167de6bfdfba052fa6b2d3664c8f5272e23c9072"
  version = "v0.0.9"

[[projects]]
  name = "github.com/mattn/go-isatty"
  packages = ["."]
  revision = "0360b2af4f38e8d38c7fce2a9f4e702702d73a39"
  version = "v0.0.3"

[[projects]]
  name = "github.com/oxequa/interact"
  packages = ["."]
  revision = "f8fb5795b5d713c41dab6771ffe1fdfdfd0c3285"
  version = "1.1.1"

[[projects]]
  name = "github.com/oxequa/realize"
  packages = [
    ".",
    "realize"
  ]
  revision = "13ee93c5f75c240128feb4271e025f2f381ca0f5"
  version = "v2.0.2"

[[projects]]
  branch = "master"
  name = "github.com/rainycape/unidecode"
  packages = ["."]
  revision = "cb7f23ec59bec0d61b19c56cd88cee3d0cc1870c"

[[projects]]
  name = "github.com/rollbar/rollbar-go"
  packages = ["."]
  revision = "dff56a4ed902ad4f385427794b1748ea2182e84c"
  version = "v1.0.0"

[[projects]]
  branch = "master"
  name = "github.com/satori/go.uuid"
  packages = ["."]
  revision = "36e9d2ebbde5e3f13ab2e25625fd453271d6522e"

[[projects]]
  name = "github.com/sendgrid/rest"
  packages = ["."]
  revision = "306b9bef57dc36f3435ccfcc08fe6ae2c6920344"
  version = "v2.4.1"

[[projects]]
  name = "github.com/sendgrid/sendgrid-go"
  packages = [
    ".",
    "helpers/mail"
  ]
  revision = "8caf17aa96b4a98bae8bd216878dd50ff12897b5"
  version = "v3.4.1"

[[projects]]
  name = "github.com/sirupsen/logrus"
  packages = ["."]
  revision = "c155da19408a8799da419ed3eeb0cb5db0ad5dbc"
  version = "v1.0.5"

[[projects]]
  branch = "master"
  name = "github.com/streadway/amqp"
  packages = ["."]
  revision = "e5adc2ada8b8efff032bf61173a233d143e9318e"

[[projects]]
  branch = "master"
  name = "github.com/valyala/bytebufferpool"
  packages = ["."]
  revision = "e746df99fe4a3986f4d4f79e13c1e0117ce9c2f7"

[[projects]]
  branch = "master"
  name = "github.com/valyala/fasttemplate"
  packages = ["."]
  revision = "dcecefd839c4193db0d35b88ec65b4c12d360ab0"

[[projects]]
  branch = "master"
  name = "github.com/yohcop/openid-go"
  packages = ["."]
  revision = "cfc72ed89575fe6b1b7b880d537ba0c5e37f7391"

[[projects]]
  name = "go.opencensus.io"
  packages = [
    "exporter/stackdriver/propagation",
    "exporterutil",
    "internal",
    "internal/tagencoding",
    "plugin/ocgrpc",
    "plugin/ochttp",
    "plugin/ochttp/propagation/b3",
    "stats",
    "stats/internal",
    "stats/view",
    "tag",
    "trace",
    "trace/internal",
    "trace/propagation"
  ]
  revision = "5897c5ce32247fc8af19c7710abd96e3304fb43c"
  version = "v0.12.0"

[[projects]]
  branch = "master"
  name = "golang.org/x/crypto"
  packages = [
    "acme",
    "acme/autocert",
    "bcrypt",
    "blowfish",
    "nacl/secretbox",
    "poly1305",
    "salsa20/salsa",
    "ssh/terminal"
  ]
  revision = "8ac0e0d97ce45cd83d1d7243c060cb8461dda5e9"

[[projects]]
  branch = "master"
  name = "golang.org/x/net"
  packages = [
    "context",
    "context/ctxhttp",
    "html",
    "html/atom",
    "http/httpguts",
    "http2",
    "http2/hpack",
    "idna",
    "internal/timeseries",
    "trace",
    "websocket"
  ]
  revision = "1e491301e022f8f977054da4c2d852decd59571f"

[[projects]]
  branch = "master"
  name = "golang.org/x/oauth2"
  packages = [
    ".",
    "google",
    "internal",
    "jws",
    "jwt"
  ]
  revision = "1e0a3fa8ba9a5c9eb35c271780101fdaf1b205d7"

[[projects]]
  branch = "master"
  name = "golang.org/x/sync"
  packages = ["semaphore"]
  revision = "1d60e4601c6fd243af51cc01ddf169918a5407ca"

[[projects]]
  branch = "master"
  name = "golang.org/x/sys"
  packages = [
    "unix",
    "windows"
  ]
  revision = "9527bec2660bd847c050fda93a0f0c6dee0800bb"

[[projects]]
  name = "golang.org/x/text"
  packages = [
    "collate",
    "collate/build",
    "internal/colltab",
    "internal/gen",
    "internal/tag",
    "internal/triegen",
    "internal/ucd",
    "language",
    "secure/bidirule",
    "transform",
    "unicode/bidi",
    "unicode/cldr",
    "unicode/norm",
    "unicode/rangetable"
  ]
  revision = "f21a4dfb5e38f5895301dc265a8def02365cc3d0"
  version = "v0.3.0"

[[projects]]
  branch = "master"
  name = "google.golang.org/api"
  packages = [
    "gensupport",
    "googleapi",
    "googleapi/internal/uritemplates",
    "googleapi/transport",
    "internal",
    "iterator",
    "option",
    "storage/v1",
    "support/bundler",
    "transport",
    "transport/grpc",
    "transport/http"
  ]
  revision = "4d8a15a217e46f47fb724569d74702bec99852d3"

[[projects]]
  name = "google.golang.org/appengine"
  packages = [
    ".",
    "cloudsql",
    "internal",
    "internal/app_identity",
    "internal/base",
    "internal/datastore",
    "internal/log",
    "internal/modules",
    "internal/remote_api",
    "internal/socket",
    "internal/urlfetch",
    "socket",
    "urlfetch"
  ]
  revision = "150dc57a1b433e64154302bdc40b6bb8aefa313a"
  version = "v1.0.0"

[[projects]]
  branch = "master"
  name = "google.golang.org/genproto"
  packages = [
    "googleapis/api/annotations",
    "googleapis/api/distribution",
    "googleapis/api/label",
    "googleapis/api/metric",
    "googleapis/api/monitoredres",
    "googleapis/datastore/v1",
    "googleapis/iam/v1",
    "googleapis/logging/type",
    "googleapis/logging/v2",
    "googleapis/rpc/status",
    "googleapis/type/latlng",
    "protobuf/field_mask"
  ]
  revision = "32ee49c4dd805befd833990acba36cb75042378c"

[[projects]]
  name = "google.golang.org/grpc"
  packages = [
    ".",
    "balancer",
    "balancer/base",
    "balancer/roundrobin",
    "channelz",
    "codes",
    "connectivity",
    "credentials",
    "credentials/oauth",
    "encoding",
    "encoding/proto",
    "grpclb/grpc_lb_v1/messages",
    "grpclog",
    "internal",
    "keepalive",
    "metadata",
    "naming",
    "peer",
    "resolver",
    "resolver/dns",
    "resolver/passthrough",
    "stats",
    "status",
    "tap",
    "transport"
  ]
  revision = "7a6a684ca69eb4cae85ad0a484f2e531598c047b"
  version = "v1.12.2"

[[projects]]
  branch = "v2"
  name = "gopkg.in/urfave/cli.v2"
  packages = ["."]
  revision = "d3ae77c26ac8db90639677e4831a728d33c36111"

[[projects]]
  name = "gopkg.in/yaml.v2"
  packages = ["."]
  revision = "5420a8b6744d3b0345ab293f6fcba19c978f1183"
  version = "v2.2.1"

[solve-meta]
  analyzer-name = "dep"
  analyzer-version = 1
  inputs-digest = "43da159a69a1265e2bc5032d176c09d631a2c0e4c98c6cc35b72e75be93440d8"
  solver-name = "gps-cdcl"
  solver-version = 1
